{
  "nodes": {
    "nixpkgs": {
      "locked": {
        "lastModified": 1712872585,
        "narHash": "sha256-HptZmCYCixfGYHrQPSiufpCtkFFvdmFTkDb/6x5UWNo=",
        "owner": "NixOS",
        "repo": "nixpkgs",
        "rev": "ce5d96dde7340eaf30af98000122018e175360fc",
        "type": "github"
      },
      "original": {
        "owner": "NixOS",
        "repo": "nixpkgs",
        "type": "github"
      }
    },
    "root": {
      "inputs": {
        "nixpkgs": "nixpkgs"
      }
    }
  },
  "root": "root",
  "version": 7
}
