{
  "nodes": {
    "nixpkgs": {
      "locked": {
        "lastModified": 1712927530,
        "narHash": "sha256-pF83/29ESMEFv35QGI7OIsGH4W7AGg1k1E597MkIgzY=",
        "owner": "NixOS",
        "repo": "nixpkgs",
        "rev": "d73f0eb9213ad3b1e5768c1b8856988892289f95",
        "type": "github"
      },
      "original": {
        "owner": "NixOS",
        "repo": "nixpkgs",
        "type": "github"
      }
    },
    "root": {
      "inputs": {
        "nixpkgs": "nixpkgs"
      }
    }
  },
  "root": "root",
  "version": 7
}
